
Microsoft Visual Studio Solution File, Format Version 12.00
Project("{FAE04EC0-301F-11D3-BF4B-00C04F79EFBC}") = "labs", "labs\labs.csproj", "{012C55CD-1A65-4B41-B5D1-9EFF6F3EE9A7}"
EndProject
Project("{FAE04EC0-301F-11D3-BF4B-00C04F79EFBC}") = "files", "files\files.csproj", "{2921CEDA-EE9B-45BC-AE0A-D46C059D9672}"
EndProject
Global
	GlobalSection(SolutionConfigurationPlatforms) = preSolution
		Debug|Any CPU = Debug|Any CPU
		Release|Any CPU = Release|Any CPU
	EndGlobalSection
	GlobalSection(ProjectConfigurationPlatforms) = postSolution
		{012C55CD-1A65-4B41-B5D1-9EFF6F3EE9A7}.Debug|Any CPU.ActiveCfg = Debug|Any CPU
		{012C55CD-1A65-4B41-B5D1-9EFF6F3EE9A7}.Debug|Any CPU.Build.0 = Debug|Any CPU
		{012C55CD-1A65-4B41-B5D1-9EFF6F3EE9A7}.Release|Any CPU.ActiveCfg = Release|Any CPU
		{012C55CD-1A65-4B41-B5D1-9EFF6F3EE9A7}.Release|Any CPU.Build.0 = Release|Any CPU
		{2921CEDA-EE9B-45BC-AE0A-D46C059D9672}.Debug|Any CPU.ActiveCfg = Debug|Any CPU
		{2921CEDA-EE9B-45BC-AE0A-D46C059D9672}.Debug|Any CPU.Build.0 = Debug|Any CPU
		{2921CEDA-EE9B-45BC-AE0A-D46C059D9672}.Release|Any CPU.ActiveCfg = Release|Any CPU
		{2921CEDA-EE9B-45BC-AE0A-D46C059D9672}.Release|Any CPU.Build.0 = Release|Any CPU
	EndGlobalSection
EndGlobal
